# Lockfile v2
# This file is automatically generated by Wapm.
# It is not intended for manual editing. The schema of this file may change.
[modules.wasm-matrix."0.0.1".wasm-matrix]
name = "wasm-matrix"
package_version = "0.0.1"
package_name = "wasm-matrix"
source = "local"
resolved = "local"
abi = "none"
entry = "build/optimized.wasm"
[commands.wasm-matrix]
name = "wasm-matrix"
package_name = "wasm-matrix"
package_version = "0.0.1"
module = "wasm-matrix"
is_top_level_dependency = true
